
Microsoft Visual Studio Solution File, Format Version 12.00
# Visual Studio Version 16
VisualStudioVersion = 16.0.29411.108
MinimumVisualStudioVersion = 10.0.40219.1
Project("{FAE04EC0-301F-11D3-BF4B-00C04F79EFBC}") = "KattisAutori", "KattisAutori\KattisAutori.csproj", "{AE320A87-C734-47C8-832C-0D785C877B91}"
EndProject
Global
	GlobalSection(SolutionConfigurationPlatforms) = preSolution
		Debug|Any CPU = Debug|Any CPU
		Release|Any CPU = Release|Any CPU
	EndGlobalSection
	GlobalSection(ProjectConfigurationPlatforms) = postSolution
		{AE320A87-C734-47C8-832C-0D785C877B91}.Debug|Any CPU.ActiveCfg = Debug|Any CPU
		{AE320A87-C734-47C8-832C-0D785C877B91}.Debug|Any CPU.Build.0 = Debug|Any CPU
		{AE320A87-C734-47C8-832C-0D785C877B91}.Release|Any CPU.ActiveCfg = Release|Any CPU
		{AE320A87-C734-47C8-832C-0D785C877B91}.Release|Any CPU.Build.0 = Release|Any CPU
	EndGlobalSection
	GlobalSection(SolutionProperties) = preSolution
		HideSolutionNode = FALSE
	EndGlobalSection
	GlobalSection(ExtensibilityGlobals) = postSolution
		SolutionGuid = {F42AFC88-CEA0-4A95-AF2E-3261EDA13490}
	EndGlobalSection
EndGlobal
